{
  "name": "I_GOT_NEXT",
  "lockfileVersion": 2,
  "requires": true,
  "packages": {
    "": {
      "dependencies": {
        "mta-subway-bullets": "^0.5.1"
      }
    },
    "node_modules/mta-subway-bullets": {
      "version": "0.5.1",
      "resolved": "https://registry.npmjs.org/mta-subway-bullets/-/mta-subway-bullets-0.5.1.tgz",
      "integrity": "sha512-ATmczrDUoSbjPmQW0M9MU9AecnlDtOD6nuVPawZb5rXMdNc1zFazjXkHo3e9uNUlDscKGJ0OJVV2W4KQ2+n/Sg=="
    }
  },
  "dependencies": {
    "mta-subway-bullets": {
      "version": "0.5.1",
      "resolved": "https://registry.npmjs.org/mta-subway-bullets/-/mta-subway-bullets-0.5.1.tgz",
      "integrity": "sha512-ATmczrDUoSbjPmQW0M9MU9AecnlDtOD6nuVPawZb5rXMdNc1zFazjXkHo3e9uNUlDscKGJ0OJVV2W4KQ2+n/Sg=="
    }
  }
}
